<Solution>
  <Folder Name="/src/">
    <Project Path="src/IdentityHub.API/IdentityHub.API.csproj" />
    <Project Path="src/IdentityHub.Application/IdentityHub.Application.csproj" />
    <Project Path="src/IdentityHub.Domain/IdentityHub.Domain.csproj" />
    <Project Path="src/IdentityHub.Infrastructure/IdentityHub.Infrastructure.csproj" />
  </Folder>
  <Folder Name="/tests/">
    <Project Path="tests/IdentityHub.API.Tests/IdentityHub.API.Tests.csproj" />
    <Project Path="tests/IdentityHub.Application.Tests/IdentityHub.Application.Tests.csproj" />
    <Project Path="tests/IdentityHub.Domain.Tests/IdentityHub.Domain.Tests.csproj" />
    <Project Path="tests/IdentityHub.Infrastructure.Tests/IdentityHub.Infrastructure.Tests.csproj" />
  </Folder>
</Solution>
